// !$*UTF8*$!
{
	archiveVersion = 1;
	classes = {
	};
	objectVersion = 50;
	objects = {

/* Begin PBXBuildFile section */
		50B38D3E246D8C4300C0C1DC /* AppDelegate.swift in Sources */ = {isa = PBXBuildFile; fileRef = 50B38D3D246D8C4300C0C1DC /* AppDelegate.swift */; };
		50B38D40246D8C4300C0C1DC /* SceneDelegate.swift in Sources */ = {isa = PBXBuildFile; fileRef = 50B38D3F246D8C4300C0C1DC /* SceneDelegate.swift */; };
		50B38D42246D8C4300C0C1DC /* ViewController.swift in Sources */ = {isa = PBXBuildFile; fileRef = 50B38D41246D8C4300C0C1DC /* ViewController.swift */; };
		50B38D45246D8C4300C0C1DC /* Main.storyboard in Resources */ = {isa = PBXBuildFile; fileRef = 50B38D43246D8C4300C0C1DC /* Main.storyboard */; };
		50B38D47246D8C4500C0C1DC /* Assets.xcassets in Resources */ = {isa = PBXBuildFile; fileRef = 50B38D46246D8C4500C0C1DC /* Assets.xcassets */; };
		50B38D4A246D8C4500C0C1DC /* LaunchScreen.storyboard in Resources */ = {isa = PBXBuildFile; fileRef = 50B38D48246D8C4500C0C1DC /* LaunchScreen.storyboard */; };
/* End PBXBuildFile section */

/* Begin PBXFileReference section */
		50B38D3A246D8C4300C0C1DC /* Coordinators.app */ = {isa = PBXFileReference; explicitFileType = wrapper.application; includeInIndex = 0; path = Coordinators.app; sourceTree = BUILT_PRODUCTS_DIR; };
		50B38D3D246D8C4300C0C1DC /* AppDelegate.swift */ = {isa = PBXFileReference; lastKnownFileType = sourcecode.swift; path = AppDelegate.swift; sourceTree = "<group>"; };
		50B38D3F246D8C4300C0C1DC /* SceneDelegate.swift */ = {isa = PBXFileReference; lastKnownFileType = sourcecode.swift; path = SceneDelegate.swift; sourceTree = "<group>"; };
		50B38D41246D8C4300C0C1DC /* ViewController.swift */ = {isa = PBXFileReference; lastKnownFileType = sourcecode.swift; path = ViewController.swift; sourceTree = "<group>"; };
		50B38D44246D8C4300C0C1DC /* Base */ = {isa = PBXFileReference; lastKnownFileType = file.storyboard; name = Base; path = Base.lproj/Main.storyboard; sourceTree = "<group>"; };
		50B38D46246D8C4500C0C1DC /* Assets.xcassets */ = {isa = PBXFileReference; lastKnownFileType = folder.assetcatalog; path = Assets.xcassets; sourceTree = "<group>"; };
		50B38D49246D8C4500C0C1DC /* Base */ = {isa = PBXFileReference; lastKnownFileType = file.storyboard; name = Base; path = Base.lproj/LaunchScreen.storyboard; sourceTree = "<group>"; };
		50B38D4B246D8C4500C0C1DC /* Info.plist */ = {isa = PBXFileReference; lastKnownFileType = text.plist.xml; path = Info.plist; sourceTree = "<group>"; };
/* End PBXFileReference section */

/* Begin PBXFrameworksBuildPhase section */
		50B38D37246D8C4300C0C1DC /* Frameworks */ = {
			isa = PBXFrameworksBuildPhase;
			buildActionMask = 2147483647;
			files = (
			);
			runOnlyForDeploymentPostprocessing = 0;
		};
/* End PBXFrameworksBuildPhase section */

/* Begin PBXGroup section */
		50B38D31246D8C4300C0C1DC = {
			isa = PBXGroup;
			children = (
				50B38D3C246D8C4300C0C1DC /* Coordinators */,
				50B38D3B246D8C4300C0C1DC /* Products */,
			);
			sourceTree = "<group>";
		};
		50B38D3B246D8C4300C0C1DC /* Products */ = {
			isa = PBXGroup;
			children = (
				50B38D3A246D8C4300C0C1DC /* Coordinators.app */,
			);
			name = Products;
			sourceTree = "<group>";
		};
		50B38D3C246D8C4300C0C1DC /* Coordinators */ = {
			isa = PBXGroup;
			children = (
				50B38D3D246D8C4300C0C1DC /* AppDelegate.swift */,
				50B38D3F246D8C4300C0C1DC /* SceneDelegate.swift */,
				50B38D41246D8C4300C0C1DC /* ViewController.swift */,
				50B38D43246D8C4300C0C1DC /* Main.storyboard */,
				50B38D46246D8C4500C0C1DC /* Assets.xcassets */,
				50B38D48246D8C4500C0C1DC /* LaunchScreen.storyboard */,
				50B38D4B246D8C4500C0C1DC /* Info.plist */,
			);
			path = Coordinators;
			sourceTree = "<group>";
		};
/* End PBXGroup section */

/* Begin PBXNativeTarget section */
		50B38D39246D8C4300C0C1DC /* Coordinators */ = {
			isa = PBXNativeTarget;
			buildConfigurationList = 50B38D4E246D8C4500C0C1DC /* Build configuration list for PBXNativeTarget "Coordinators" */;
			buildPhases = (
				50B38D36246D8C4300C0C1DC /* Sources */,
				50B38D37246D8C4300C0C1DC /* Frameworks */,
				50B38D38246D8C4300C0C1DC /* Resources */,
			);
			buildRules = (
			);
			dependencies = (
			);
			name = Coordinators;
			productName = Coordinators;
			productReference = 50B38D3A246D8C4300C0C1DC /* Coordinators.app */;
			productType = "com.apple.product-type.application";
		};
/* End PBXNativeTarget section */

/* Begin PBXProject section */
		50B38D32246D8C4300C0C1DC /* Project object */ = {
			isa = PBXProject;
			attributes = {
				LastSwiftUpdateCheck = 1130;
				LastUpgradeCheck = 1130;
				ORGANIZATIONNAME = "Mojisola Adebiyi";
				TargetAttributes = {
					50B38D39246D8C4300C0C1DC = {
						CreatedOnToolsVersion = 11.3.1;
					};
				};
			};
			buildConfigurationList = 50B38D35246D8C4300C0C1DC /* Build configuration list for PBXProject "Coordinators" */;
			compatibilityVersion = "Xcode 9.3";
			developmentRegion = en;
			hasScannedForEncodings = 0;
			knownRegions = (
				en,
				Base,
			);
			mainGroup = 50B38D31246D8C4300C0C1DC;
			productRefGroup = 50B38D3B246D8C4300C0C1DC /* Products */;
			projectDirPath = "";
			projectRoot = "";
			targets = (
				50B38D39246D8C4300C0C1DC /* Coordinators */,
			);
		};
/* End PBXProject section */

/* Begin PBXResourcesBuildPhase section */
		50B38D38246D8C4300C0C1DC /* Resources */ = {
			isa = PBXResourcesBuildPhase;
			buildActionMask = 2147483647;
			files = (
				50B38D4A246D8C4500C0C1DC /* LaunchScreen.storyboard in Resources */,
				50B38D47246D8C4500C0C1DC /* Assets.xcassets in Resources */,
				50B38D45246D8C4300C0C1DC /* Main.storyboard in Resources */,
			);
			runOnlyForDeploymentPostprocessing = 0;
		};
/* End PBXResourcesBuildPhase section */

/* Begin PBXSourcesBuildPhase section */
		50B38D36246D8C4300C0C1DC /* Sources */ = {
			isa = PBXSourcesBuildPhase;
			buildActionMask = 2147483647;
			files = (
				50B38D42246D8C4300C0C1DC /* ViewController.swift in Sources */,
				50B38D3E246D8C4300C0C1DC /* AppDelegate.swift in Sources */,
				50B38D40246D8C4300C0C1DC /* SceneDelegate.swift in Sources */,
			);
			runOnlyForDeploymentPostprocessing = 0;
		};
/* End PBXSourcesBuildPhase section */

/* Begin PBXVariantGroup section */
		50B38D43246D8C4300C0C1DC /* Main.storyboard */ = {
			isa = PBXVariantGroup;
			children = (
				50B38D44246D8C4300C0C1DC /* Base */,
			);
			name = Main.storyboard;
			sourceTree = "<group>";
		};
		50B38D48246D8C4500C0C1DC /* LaunchScreen.storyboard */ = {
			isa = PBXVariantGroup;
			children = (
				50B38D49246D8C4500C0C1DC /* Base */,
			);
			name = LaunchScreen.storyboard;
			sourceTree = "<group>";
		};
/* End PBXVariantGroup section */

/* Begin XCBuildConfiguration section */
		50B38D4C246D8C4500C0C1DC /* Debug */ = {
			isa = XCBuildConfiguration;
			buildSettings = {
				ALWAYS_SEARCH_USER_PATHS = NO;
				CLANG_ANALYZER_NONNULL = YES;
				CLANG_ANALYZER_NUMBER_OBJECT_CONVERSION = YES_AGGRESSIVE;
				CLANG_CXX_LANGUAGE_STANDARD = "gnu++14";
				CLANG_CXX_LIBRARY = "libc++";
				CLANG_ENABLE_MODULES = YES;
				CLANG_ENABLE_OBJC_ARC = YES;
				CLANG_ENABLE_OBJC_WEAK = YES;
				CLANG_WARN_BLOCK_CAPTURE_AUTORELEASING = YES;
				CLANG_WARN_BOOL_CONVERSION = YES;
				CLANG_WARN_COMMA = YES;
				CLANG_WARN_CONSTANT_CONVERSION = YES;
				CLANG_WARN_DEPRECATED_OBJC_IMPLEMENTATIONS = YES;
				CLANG_WARN_DIRECT_OBJC_ISA_USAGE = YES_ERROR;
				CLANG_WARN_DOCUMENTATION_COMMENTS = YES;
				CLANG_WARN_EMPTY_BODY = YES;
				CLANG_WARN_ENUM_CONVERSION = YES;
				CLANG_WARN_INFINITE_RECURSION = YES;
				CLANG_WARN_INT_CONVERSION = YES;
				CLANG_WARN_NON_LITERAL_NULL_CONVERSION = YES;
				CLANG_WARN_OBJC_IMPLICIT_RETAIN_SELF = YES;
				CLANG_WARN_OBJC_LITERAL_CONVERSION = YES;
				CLANG_WARN_OBJC_ROOT_CLASS = YES_ERROR;
				CLANG_WARN_RANGE_LOOP_ANALYSIS = YES;
				CLANG_WARN_STRICT_PROTOTYPES = YES;
				CLANG_WARN_SUSPICIOUS_MOVE = YES;
				CLANG_WARN_UNGUARDED_AVAILABILITY = YES_AGGRESSIVE;
				CLANG_WARN_UNREACHABLE_CODE = YES;
				CLANG_WARN__DUPLICATE_METHOD_MATCH = YES;
				COPY_PHASE_STRIP = NO;
				DEBUG_INFORMATION_FORMAT = dwarf;
				ENABLE_STRICT_OBJC_MSGSEND = YES;
				ENABLE_TESTABILITY = YES;
				GCC_C_LANGUAGE_STANDARD = gnu11;
				GCC_DYNAMIC_NO_PIC = NO;
				GCC_NO_COMMON_BLOCKS = YES;
				GCC_OPTIMIZATION_LEVEL = 0;
				GCC_PREPROCESSOR_DEFINITIONS = (
					"DEBUG=1",
					"$(inherited)",
				);
				GCC_WARN_64_TO_32_BIT_CONVERSION = YES;
				GCC_WARN_ABOUT_RETURN_TYPE = YES_ERROR;
				GCC_WARN_UNDECLARED_SELECTOR = YES;
				GCC_WARN_UNINITIALIZED_AUTOS = YES_AGGRESSIVE;
				GCC_WARN_UNUSED_FUNCTION = YES;
				GCC_WARN_UNUSED_VARIABLE = YES;
				IPHONEOS_DEPLOYMENT_TARGET = 13.2;
				MTL_ENABLE_DEBUG_INFO = INCLUDE_SOURCE;
				MTL_FAST_MATH = YES;
				ONLY_ACTIVE_ARCH = YES;
				SDKROOT = iphoneos;
				SWIFT_ACTIVE_COMPILATION_CONDITIONS = DEBUG;
				SWIFT_OPTIMIZATION_LEVEL = "-Onone";
			};
			name = Debug;
		};
		50B38D4D246D8C4500C0C1DC /* Release */ = {
			isa = XCBuildConfiguration;
			buildSettings = {
				ALWAYS_SEARCH_USER_PATHS = NO;
				CLANG_ANALYZER_NONNULL = YES;
				CLANG_ANALYZER_NUMBER_OBJECT_CONVERSION = YES_AGGRESSIVE;
				CLANG_CXX_LANGUAGE_STANDARD = "gnu++14";
				CLANG_CXX_LIBRARY = "libc++";
				CLANG_ENABLE_MODULES = YES;
				CLANG_ENABLE_OBJC_ARC = YES;
				CLANG_ENABLE_OBJC_WEAK = YES;
				CLANG_WARN_BLOCK_CAPTURE_AUTORELEASING = YES;
				CLANG_WARN_BOOL_CONVERSION = YES;
				CLANG_WARN_COMMA = YES;
				CLANG_WARN_CONSTANT_CONVERSION = YES;
				CLANG_WARN_DEPRECATED_OBJC_IMPLEMENTATIONS = YES;
				CLANG_WARN_DIRECT_OBJC_ISA_USAGE = YES_ERROR;
				CLANG_WARN_DOCUMENTATION_COMMENTS = YES;
				CLANG_WARN_EMPTY_BODY = YES;
				CLANG_WARN_ENUM_CONVERSION = YES;
				CLANG_WARN_INFINITE_RECURSION = YES;
				CLANG_WARN_INT_CONVERSION = YES;
				CLANG_WARN_NON_LITERAL_NULL_CONVERSION = YES;
				CLANG_WARN_OBJC_IMPLICIT_RETAIN_SELF = YES;
				CLANG_WARN_OBJC_LITERAL_CONVERSION = YES;
				CLANG_WARN_OBJC_ROOT_CLASS = YES_ERROR;
				CLANG_WARN_RANGE_LOOP_ANALYSIS = YES;
				CLANG_WARN_STRICT_PROTOTYPES = YES;
				CLANG_WARN_SUSPICIOUS_MOVE = YES;
				CLANG_WARN_UNGUARDED_AVAILABILITY = YES_AGGRESSIVE;
				CLANG_WARN_UNREACHABLE_CODE = YES;
				CLANG_WARN__DUPLICATE_METHOD_MATCH = YES;
				COPY_PHASE_STRIP = NO;
				DEBUG_INFORMATION_FORMAT = "dwarf-with-dsym";
				ENABLE_NS_ASSERTIONS = NO;
				ENABLE_STRICT_OBJC_MSGSEND = YES;
				GCC_C_LANGUAGE_STANDARD = gnu11;
				GCC_NO_COMMON_BLOCKS = YES;
				GCC_WARN_64_TO_32_BIT_CONVERSION = YES;
				GCC_WARN_ABOUT_RETURN_TYPE = YES_ERROR;
				GCC_WARN_UNDECLARED_SELECTOR = YES;
				GCC_WARN_UNINITIALIZED_AUTOS = YES_AGGRESSIVE;
				GCC_WARN_UNUSED_FUNCTION = YES;
				GCC_WARN_UNUSED_VARIABLE = YES;
				IPHONEOS_DEPLOYMENT_TARGET = 13.2;
				MTL_ENABLE_DEBUG_INFO = NO;
				MTL_FAST_MATH = YES;
				SDKROOT = iphoneos;
				SWIFT_COMPILATION_MODE = wholemodule;
				SWIFT_OPTIMIZATION_LEVEL = "-O";
				VALIDATE_PRODUCT = YES;
			};
			name = Release;
		};
		50B38D4F246D8C4500C0C1DC /* Debug */ = {
			isa = XCBuildConfiguration;
			buildSettings = {
				ASSETCATALOG_COMPILER_APPICON_NAME = AppIcon;
				CODE_SIGN_STYLE = Automatic;
				DEVELOPMENT_TEAM = LHF8QS8784;
				INFOPLIST_FILE = Coordinators/Info.plist;
				LD_RUNPATH_SEARCH_PATHS = (
					"$(inherited)",
					"@executable_path/Frameworks",
				);
				PRODUCT_BUNDLE_IDENTIFIER = mojisola.Coordinators;
				PRODUCT_NAME = "$(TARGET_NAME)";
				SWIFT_VERSION = 5.0;
				TARGETED_DEVICE_FAMILY = "1,2";
			};
			name = Debug;
		};
		50B38D50246D8C4500C0C1DC /* Release */ = {
			isa = XCBuildConfiguration;
			buildSettings = {
				ASSETCATALOG_COMPILER_APPICON_NAME = AppIcon;
				CODE_SIGN_STYLE = Automatic;
				DEVELOPMENT_TEAM = LHF8QS8784;
				INFOPLIST_FILE = Coordinators/Info.plist;
				LD_RUNPATH_SEARCH_PATHS = (
					"$(inherited)",
					"@executable_path/Frameworks",
				);
				PRODUCT_BUNDLE_IDENTIFIER = mojisola.Coordinators;
				PRODUCT_NAME = "$(TARGET_NAME)";
				SWIFT_VERSION = 5.0;
				TARGETED_DEVICE_FAMILY = "1,2";
			};
			name = Release;
		};
/* End XCBuildConfiguration section */

/* Begin XCConfigurationList section */
		50B38D35246D8C4300C0C1DC /* Build configuration list for PBXProject "Coordinators" */ = {
			isa = XCConfigurationList;
			buildConfigurations = (
				50B38D4C246D8C4500C0C1DC /* Debug */,
				50B38D4D246D8C4500C0C1DC /* Release */,
			);
			defaultConfigurationIsVisible = 0;
			defaultConfigurationName = Release;
		};
		50B38D4E246D8C4500C0C1DC /* Build configuration list for PBXNativeTarget "Coordinators" */ = {
			isa = XCConfigurationList;
			buildConfigurations = (
				50B38D4F246D8C4500C0C1DC /* Debug */,
				50B38D50246D8C4500C0C1DC /* Release */,
			);
			defaultConfigurationIsVisible = 0;
			defaultConfigurationName = Release;
		};
/* End XCConfigurationList section */
	};
	rootObject = 50B38D32246D8C4300C0C1DC /* Project object */;
}
