// !$*UTF8*$!
{
	archiveVersion = 1;
	classes = {
	};
	objectVersion = 50;
	objects = {

/* Begin PBXBuildFile section */
		50B38D3E246D8C4300C0C1DC /* AppDelegate.swift in Sources */ = {isa = PBXBuildFile; fileRef = 50B38D3D246D8C4300C0C1DC /* AppDelegate.swift */; };
		50B38D40246D8C4300C0C1DC /* SceneDelegate.swift in Sources */ = {isa = PBXBuildFile; fileRef = 50B38D3F246D8C4300C0C1DC /* SceneDelegate.swift */; };
		50B38D45246D8C4300C0C1DC /* Main.storyboard in Resources */ = {isa = PBXBuildFile; fileRef = 50B38D43246D8C4300C0C1DC /* Main.storyboard */; };
		50B38D47246D8C4500C0C1DC /* Assets.xcassets in Resources */ = {isa = PBXBuildFile; fileRef = 50B38D46246D8C4500C0C1DC /* Assets.xcassets */; };
		50B38D4A246D8C4500C0C1DC /* LaunchScreen.storyboard in Resources */ = {isa = PBXBuildFile; fileRef = 50B38D48246D8C4500C0C1DC /* LaunchScreen.storyboard */; };
		50B38D53246E966300C0C1DC /* FeedTableViewCell.xib in Resources */ = {isa = PBXBuildFile; fileRef = 50B38D51246E966300C0C1DC /* FeedTableViewCell.xib */; };
		50B38D54246E966300C0C1DC /* FeedTableViewCell.swift in Sources */ = {isa = PBXBuildFile; fileRef = 50B38D52246E966300C0C1DC /* FeedTableViewCell.swift */; };
		50B38D86246FC0CE00C0C1DC /* SignUpViewController.swift in Sources */ = {isa = PBXBuildFile; fileRef = 50B38D85246FC0CE00C0C1DC /* SignUpViewController.swift */; };
		50B38D88246FC0DD00C0C1DC /* LoginViewController.swift in Sources */ = {isa = PBXBuildFile; fileRef = 50B38D87246FC0DD00C0C1DC /* LoginViewController.swift */; };
		50B38D8A246FC10E00C0C1DC /* FeedsViewController.swift in Sources */ = {isa = PBXBuildFile; fileRef = 50B38D89246FC10E00C0C1DC /* FeedsViewController.swift */; };
		50B38D8C246FC12E00C0C1DC /* FeedDetailsViewController.swift in Sources */ = {isa = PBXBuildFile; fileRef = 50B38D8B246FC12E00C0C1DC /* FeedDetailsViewController.swift */; };
		50B38D8E246FC14D00C0C1DC /* SettingsViewController.swift in Sources */ = {isa = PBXBuildFile; fileRef = 50B38D8D246FC14D00C0C1DC /* SettingsViewController.swift */; };
		50B38D92246FC2CD00C0C1DC /* PostFeedViewController.swift in Sources */ = {isa = PBXBuildFile; fileRef = 50B38D91246FC2CD00C0C1DC /* PostFeedViewController.swift */; };
		50B38D96246FC6EC00C0C1DC /* FeedModel.swift in Sources */ = {isa = PBXBuildFile; fileRef = 50B38D95246FC6EC00C0C1DC /* FeedModel.swift */; };
		50B38D98246FC7E100C0C1DC /* Coordinator.swift in Sources */ = {isa = PBXBuildFile; fileRef = 50B38D97246FC7E100C0C1DC /* Coordinator.swift */; };
		50B38D9A246FC80F00C0C1DC /* Storyboarded.swift in Sources */ = {isa = PBXBuildFile; fileRef = 50B38D99246FC80F00C0C1DC /* Storyboarded.swift */; };
		50B38D9C246FCA5200C0C1DC /* MainCoordinator.swift in Sources */ = {isa = PBXBuildFile; fileRef = 50B38D9B246FCA5200C0C1DC /* MainCoordinator.swift */; };
		50B38D9E24727CE100C0C1DC /* ReportFeedViewController.swift in Sources */ = {isa = PBXBuildFile; fileRef = 50B38D9D24727CE100C0C1DC /* ReportFeedViewController.swift */; };
/* End PBXBuildFile section */

/* Begin PBXFileReference section */
		50B38D3A246D8C4300C0C1DC /* Coordinators.app */ = {isa = PBXFileReference; explicitFileType = wrapper.application; includeInIndex = 0; path = Coordinators.app; sourceTree = BUILT_PRODUCTS_DIR; };
		50B38D3D246D8C4300C0C1DC /* AppDelegate.swift */ = {isa = PBXFileReference; lastKnownFileType = sourcecode.swift; path = AppDelegate.swift; sourceTree = "<group>"; };
		50B38D3F246D8C4300C0C1DC /* SceneDelegate.swift */ = {isa = PBXFileReference; lastKnownFileType = sourcecode.swift; path = SceneDelegate.swift; sourceTree = "<group>"; };
		50B38D44246D8C4300C0C1DC /* Base */ = {isa = PBXFileReference; lastKnownFileType = file.storyboard; name = Base; path = Base.lproj/Main.storyboard; sourceTree = "<group>"; };
		50B38D46246D8C4500C0C1DC /* Assets.xcassets */ = {isa = PBXFileReference; lastKnownFileType = folder.assetcatalog; path = Assets.xcassets; sourceTree = "<group>"; };
		50B38D49246D8C4500C0C1DC /* Base */ = {isa = PBXFileReference; lastKnownFileType = file.storyboard; name = Base; path = Base.lproj/LaunchScreen.storyboard; sourceTree = "<group>"; };
		50B38D4B246D8C4500C0C1DC /* Info.plist */ = {isa = PBXFileReference; lastKnownFileType = text.plist.xml; path = Info.plist; sourceTree = "<group>"; };
		50B38D51246E966300C0C1DC /* FeedTableViewCell.xib */ = {isa = PBXFileReference; fileEncoding = 4; lastKnownFileType = file.xib; path = FeedTableViewCell.xib; sourceTree = "<group>"; };
		50B38D52246E966300C0C1DC /* FeedTableViewCell.swift */ = {isa = PBXFileReference; fileEncoding = 4; lastKnownFileType = sourcecode.swift; path = FeedTableViewCell.swift; sourceTree = "<group>"; };
		50B38D85246FC0CE00C0C1DC /* SignUpViewController.swift */ = {isa = PBXFileReference; lastKnownFileType = sourcecode.swift; path = SignUpViewController.swift; sourceTree = "<group>"; };
		50B38D87246FC0DD00C0C1DC /* LoginViewController.swift */ = {isa = PBXFileReference; lastKnownFileType = sourcecode.swift; path = LoginViewController.swift; sourceTree = "<group>"; };
		50B38D89246FC10E00C0C1DC /* FeedsViewController.swift */ = {isa = PBXFileReference; lastKnownFileType = sourcecode.swift; path = FeedsViewController.swift; sourceTree = "<group>"; };
		50B38D8B246FC12E00C0C1DC /* FeedDetailsViewController.swift */ = {isa = PBXFileReference; lastKnownFileType = sourcecode.swift; path = FeedDetailsViewController.swift; sourceTree = "<group>"; };
		50B38D8D246FC14D00C0C1DC /* SettingsViewController.swift */ = {isa = PBXFileReference; lastKnownFileType = sourcecode.swift; path = SettingsViewController.swift; sourceTree = "<group>"; };
		50B38D91246FC2CD00C0C1DC /* PostFeedViewController.swift */ = {isa = PBXFileReference; lastKnownFileType = sourcecode.swift; path = PostFeedViewController.swift; sourceTree = "<group>"; };
		50B38D95246FC6EC00C0C1DC /* FeedModel.swift */ = {isa = PBXFileReference; lastKnownFileType = sourcecode.swift; path = FeedModel.swift; sourceTree = "<group>"; };
		50B38D97246FC7E100C0C1DC /* Coordinator.swift */ = {isa = PBXFileReference; lastKnownFileType = sourcecode.swift; path = Coordinator.swift; sourceTree = "<group>"; };
		50B38D99246FC80F00C0C1DC /* Storyboarded.swift */ = {isa = PBXFileReference; lastKnownFileType = sourcecode.swift; path = Storyboarded.swift; sourceTree = "<group>"; };
		50B38D9B246FCA5200C0C1DC /* MainCoordinator.swift */ = {isa = PBXFileReference; lastKnownFileType = sourcecode.swift; path = MainCoordinator.swift; sourceTree = "<group>"; };
		50B38D9D24727CE100C0C1DC /* ReportFeedViewController.swift */ = {isa = PBXFileReference; lastKnownFileType = sourcecode.swift; path = ReportFeedViewController.swift; sourceTree = "<group>"; };
/* End PBXFileReference section */

/* Begin PBXFrameworksBuildPhase section */
		50B38D37246D8C4300C0C1DC /* Frameworks */ = {
			isa = PBXFrameworksBuildPhase;
			buildActionMask = 2147483647;
			files = (
			);
			runOnlyForDeploymentPostprocessing = 0;
		};
/* End PBXFrameworksBuildPhase section */

/* Begin PBXGroup section */
		5067E2252474164C0006A681 /* App */ = {
			isa = PBXGroup;
			children = (
				50B38D3D246D8C4300C0C1DC /* AppDelegate.swift */,
				50B38D3F246D8C4300C0C1DC /* SceneDelegate.swift */,
			);
			path = App;
			sourceTree = "<group>";
		};
		5067E2262474167B0006A681 /* Coordinator Files */ = {
			isa = PBXGroup;
			children = (
				50B38D97246FC7E100C0C1DC /* Coordinator.swift */,
				50B38D9B246FCA5200C0C1DC /* MainCoordinator.swift */,
				50B38D99246FC80F00C0C1DC /* Storyboarded.swift */,
			);
			path = "Coordinator Files";
			sourceTree = "<group>";
		};
		50B38D31246D8C4300C0C1DC = {
			isa = PBXGroup;
			children = (
				50B38D3C246D8C4300C0C1DC /* Coordinators */,
				50B38D3B246D8C4300C0C1DC /* Products */,
			);
			sourceTree = "<group>";
		};
		50B38D3B246D8C4300C0C1DC /* Products */ = {
			isa = PBXGroup;
			children = (
				50B38D3A246D8C4300C0C1DC /* Coordinators.app */,
			);
			name = Products;
			sourceTree = "<group>";
		};
		50B38D3C246D8C4300C0C1DC /* Coordinators */ = {
			isa = PBXGroup;
			children = (
				50B38D4B246D8C4500C0C1DC /* Info.plist */,
				50B38D46246D8C4500C0C1DC /* Assets.xcassets */,
				50B38D48246D8C4500C0C1DC /* LaunchScreen.storyboard */,
				50B38D43246D8C4300C0C1DC /* Main.storyboard */,
				5067E2252474164C0006A681 /* App */,
				50B38D94246FC6D300C0C1DC /* Model */,
				50B38D93246FC5DE00C0C1DC /*  Views */,
				50B38D84246FC0A300C0C1DC /* View controllers */,
				5067E2262474167B0006A681 /* Coordinator Files */,
			);
			path = Coordinators;
			sourceTree = "<group>";
		};
		50B38D84246FC0A300C0C1DC /* View controllers */ = {
			isa = PBXGroup;
			children = (
				50B38D8B246FC12E00C0C1DC /* FeedDetailsViewController.swift */,
				50B38D89246FC10E00C0C1DC /* FeedsViewController.swift */,
				50B38D87246FC0DD00C0C1DC /* LoginViewController.swift */,
				50B38D91246FC2CD00C0C1DC /* PostFeedViewController.swift */,
				50B38D9D24727CE100C0C1DC /* ReportFeedViewController.swift */,
				50B38D8D246FC14D00C0C1DC /* SettingsViewController.swift */,
				50B38D85246FC0CE00C0C1DC /* SignUpViewController.swift */,
			);
			path = "View controllers";
			sourceTree = "<group>";
		};
		50B38D93246FC5DE00C0C1DC /*  Views */ = {
			isa = PBXGroup;
			children = (
				50B38D52246E966300C0C1DC /* FeedTableViewCell.swift */,
				50B38D51246E966300C0C1DC /* FeedTableViewCell.xib */,
			);
			path = " Views";
			sourceTree = "<group>";
		};
		50B38D94246FC6D300C0C1DC /* Model */ = {
			isa = PBXGroup;
			children = (
				50B38D95246FC6EC00C0C1DC /* FeedModel.swift */,
			);
			path = Model;
			sourceTree = "<group>";
		};
/* End PBXGroup section */

/* Begin PBXNativeTarget section */
		50B38D39246D8C4300C0C1DC /* Coordinators */ = {
			isa = PBXNativeTarget;
			buildConfigurationList = 50B38D4E246D8C4500C0C1DC /* Build configuration list for PBXNativeTarget "Coordinators" */;
			buildPhases = (
				50B38D36246D8C4300C0C1DC /* Sources */,
				50B38D37246D8C4300C0C1DC /* Frameworks */,
				50B38D38246D8C4300C0C1DC /* Resources */,
			);
			buildRules = (
			);
			dependencies = (
			);
			name = Coordinators;
			productName = Coordinators;
			productReference = 50B38D3A246D8C4300C0C1DC /* Coordinators.app */;
			productType = "com.apple.product-type.application";
		};
/* End PBXNativeTarget section */

/* Begin PBXProject section */
		50B38D32246D8C4300C0C1DC /* Project object */ = {
			isa = PBXProject;
			attributes = {
				LastSwiftUpdateCheck = 1130;
				LastUpgradeCheck = 1130;
				ORGANIZATIONNAME = "Mojisola Adebiyi";
				TargetAttributes = {
					50B38D39246D8C4300C0C1DC = {
						CreatedOnToolsVersion = 11.3.1;
					};
				};
			};
			buildConfigurationList = 50B38D35246D8C4300C0C1DC /* Build configuration list for PBXProject "Coordinators" */;
			compatibilityVersion = "Xcode 9.3";
			developmentRegion = en;
			hasScannedForEncodings = 0;
			knownRegions = (
				en,
				Base,
			);
			mainGroup = 50B38D31246D8C4300C0C1DC;
			productRefGroup = 50B38D3B246D8C4300C0C1DC /* Products */;
			projectDirPath = "";
			projectRoot = "";
			targets = (
				50B38D39246D8C4300C0C1DC /* Coordinators */,
			);
		};
/* End PBXProject section */

/* Begin PBXResourcesBuildPhase section */
		50B38D38246D8C4300C0C1DC /* Resources */ = {
			isa = PBXResourcesBuildPhase;
			buildActionMask = 2147483647;
			files = (
				50B38D4A246D8C4500C0C1DC /* LaunchScreen.storyboard in Resources */,
				50B38D53246E966300C0C1DC /* FeedTableViewCell.xib in Resources */,
				50B38D47246D8C4500C0C1DC /* Assets.xcassets in Resources */,
				50B38D45246D8C4300C0C1DC /* Main.storyboard in Resources */,
			);
			runOnlyForDeploymentPostprocessing = 0;
		};
/* End PBXResourcesBuildPhase section */

/* Begin PBXSourcesBuildPhase section */
		50B38D36246D8C4300C0C1DC /* Sources */ = {
			isa = PBXSourcesBuildPhase;
			buildActionMask = 2147483647;
			files = (
				50B38D8A246FC10E00C0C1DC /* FeedsViewController.swift in Sources */,
				50B38D9C246FCA5200C0C1DC /* MainCoordinator.swift in Sources */,
				50B38D54246E966300C0C1DC /* FeedTableViewCell.swift in Sources */,
				50B38D3E246D8C4300C0C1DC /* AppDelegate.swift in Sources */,
				50B38D92246FC2CD00C0C1DC /* PostFeedViewController.swift in Sources */,
				50B38D9A246FC80F00C0C1DC /* Storyboarded.swift in Sources */,
				50B38D9E24727CE100C0C1DC /* ReportFeedViewController.swift in Sources */,
				50B38D86246FC0CE00C0C1DC /* SignUpViewController.swift in Sources */,
				50B38D8C246FC12E00C0C1DC /* FeedDetailsViewController.swift in Sources */,
				50B38D88246FC0DD00C0C1DC /* LoginViewController.swift in Sources */,
				50B38D98246FC7E100C0C1DC /* Coordinator.swift in Sources */,
				50B38D40246D8C4300C0C1DC /* SceneDelegate.swift in Sources */,
				50B38D8E246FC14D00C0C1DC /* SettingsViewController.swift in Sources */,
				50B38D96246FC6EC00C0C1DC /* FeedModel.swift in Sources */,
			);
			runOnlyForDeploymentPostprocessing = 0;
		};
/* End PBXSourcesBuildPhase section */

/* Begin PBXVariantGroup section */
		50B38D43246D8C4300C0C1DC /* Main.storyboard */ = {
			isa = PBXVariantGroup;
			children = (
				50B38D44246D8C4300C0C1DC /* Base */,
			);
			name = Main.storyboard;
			sourceTree = "<group>";
		};
		50B38D48246D8C4500C0C1DC /* LaunchScreen.storyboard */ = {
			isa = PBXVariantGroup;
			children = (
				50B38D49246D8C4500C0C1DC /* Base */,
			);
			name = LaunchScreen.storyboard;
			sourceTree = "<group>";
		};
/* End PBXVariantGroup section */

/* Begin XCBuildConfiguration section */
		50B38D4C246D8C4500C0C1DC /* Debug */ = {
			isa = XCBuildConfiguration;
			buildSettings = {
				ALWAYS_SEARCH_USER_PATHS = NO;
				CLANG_ANALYZER_NONNULL = YES;
				CLANG_ANALYZER_NUMBER_OBJECT_CONVERSION = YES_AGGRESSIVE;
				CLANG_CXX_LANGUAGE_STANDARD = "gnu++14";
				CLANG_CXX_LIBRARY = "libc++";
				CLANG_ENABLE_MODULES = YES;
				CLANG_ENABLE_OBJC_ARC = YES;
				CLANG_ENABLE_OBJC_WEAK = YES;
				CLANG_WARN_BLOCK_CAPTURE_AUTORELEASING = YES;
				CLANG_WARN_BOOL_CONVERSION = YES;
				CLANG_WARN_COMMA = YES;
				CLANG_WARN_CONSTANT_CONVERSION = YES;
				CLANG_WARN_DEPRECATED_OBJC_IMPLEMENTATIONS = YES;
				CLANG_WARN_DIRECT_OBJC_ISA_USAGE = YES_ERROR;
				CLANG_WARN_DOCUMENTATION_COMMENTS = YES;
				CLANG_WARN_EMPTY_BODY = YES;
				CLANG_WARN_ENUM_CONVERSION = YES;
				CLANG_WARN_INFINITE_RECURSION = YES;
				CLANG_WARN_INT_CONVERSION = YES;
				CLANG_WARN_NON_LITERAL_NULL_CONVERSION = YES;
				CLANG_WARN_OBJC_IMPLICIT_RETAIN_SELF = YES;
				CLANG_WARN_OBJC_LITERAL_CONVERSION = YES;
				CLANG_WARN_OBJC_ROOT_CLASS = YES_ERROR;
				CLANG_WARN_RANGE_LOOP_ANALYSIS = YES;
				CLANG_WARN_STRICT_PROTOTYPES = YES;
				CLANG_WARN_SUSPICIOUS_MOVE = YES;
				CLANG_WARN_UNGUARDED_AVAILABILITY = YES_AGGRESSIVE;
				CLANG_WARN_UNREACHABLE_CODE = YES;
				CLANG_WARN__DUPLICATE_METHOD_MATCH = YES;
				COPY_PHASE_STRIP = NO;
				DEBUG_INFORMATION_FORMAT = dwarf;
				ENABLE_STRICT_OBJC_MSGSEND = YES;
				ENABLE_TESTABILITY = YES;
				GCC_C_LANGUAGE_STANDARD = gnu11;
				GCC_DYNAMIC_NO_PIC = NO;
				GCC_NO_COMMON_BLOCKS = YES;
				GCC_OPTIMIZATION_LEVEL = 0;
				GCC_PREPROCESSOR_DEFINITIONS = (
					"DEBUG=1",
					"$(inherited)",
				);
				GCC_WARN_64_TO_32_BIT_CONVERSION = YES;
				GCC_WARN_ABOUT_RETURN_TYPE = YES_ERROR;
				GCC_WARN_UNDECLARED_SELECTOR = YES;
				GCC_WARN_UNINITIALIZED_AUTOS = YES_AGGRESSIVE;
				GCC_WARN_UNUSED_FUNCTION = YES;
				GCC_WARN_UNUSED_VARIABLE = YES;
				IPHONEOS_DEPLOYMENT_TARGET = 13.2;
				MTL_ENABLE_DEBUG_INFO = INCLUDE_SOURCE;
				MTL_FAST_MATH = YES;
				ONLY_ACTIVE_ARCH = YES;
				SDKROOT = iphoneos;
				SWIFT_ACTIVE_COMPILATION_CONDITIONS = DEBUG;
				SWIFT_OPTIMIZATION_LEVEL = "-Onone";
			};
			name = Debug;
		};
		50B38D4D246D8C4500C0C1DC /* Release */ = {
			isa = XCBuildConfiguration;
			buildSettings = {
				ALWAYS_SEARCH_USER_PATHS = NO;
				CLANG_ANALYZER_NONNULL = YES;
				CLANG_ANALYZER_NUMBER_OBJECT_CONVERSION = YES_AGGRESSIVE;
				CLANG_CXX_LANGUAGE_STANDARD = "gnu++14";
				CLANG_CXX_LIBRARY = "libc++";
				CLANG_ENABLE_MODULES = YES;
				CLANG_ENABLE_OBJC_ARC = YES;
				CLANG_ENABLE_OBJC_WEAK = YES;
				CLANG_WARN_BLOCK_CAPTURE_AUTORELEASING = YES;
				CLANG_WARN_BOOL_CONVERSION = YES;
				CLANG_WARN_COMMA = YES;
				CLANG_WARN_CONSTANT_CONVERSION = YES;
				CLANG_WARN_DEPRECATED_OBJC_IMPLEMENTATIONS = YES;
				CLANG_WARN_DIRECT_OBJC_ISA_USAGE = YES_ERROR;
				CLANG_WARN_DOCUMENTATION_COMMENTS = YES;
				CLANG_WARN_EMPTY_BODY = YES;
				CLANG_WARN_ENUM_CONVERSION = YES;
				CLANG_WARN_INFINITE_RECURSION = YES;
				CLANG_WARN_INT_CONVERSION = YES;
				CLANG_WARN_NON_LITERAL_NULL_CONVERSION = YES;
				CLANG_WARN_OBJC_IMPLICIT_RETAIN_SELF = YES;
				CLANG_WARN_OBJC_LITERAL_CONVERSION = YES;
				CLANG_WARN_OBJC_ROOT_CLASS = YES_ERROR;
				CLANG_WARN_RANGE_LOOP_ANALYSIS = YES;
				CLANG_WARN_STRICT_PROTOTYPES = YES;
				CLANG_WARN_SUSPICIOUS_MOVE = YES;
				CLANG_WARN_UNGUARDED_AVAILABILITY = YES_AGGRESSIVE;
				CLANG_WARN_UNREACHABLE_CODE = YES;
				CLANG_WARN__DUPLICATE_METHOD_MATCH = YES;
				COPY_PHASE_STRIP = NO;
				DEBUG_INFORMATION_FORMAT = "dwarf-with-dsym";
				ENABLE_NS_ASSERTIONS = NO;
				ENABLE_STRICT_OBJC_MSGSEND = YES;
				GCC_C_LANGUAGE_STANDARD = gnu11;
				GCC_NO_COMMON_BLOCKS = YES;
				GCC_WARN_64_TO_32_BIT_CONVERSION = YES;
				GCC_WARN_ABOUT_RETURN_TYPE = YES_ERROR;
				GCC_WARN_UNDECLARED_SELECTOR = YES;
				GCC_WARN_UNINITIALIZED_AUTOS = YES_AGGRESSIVE;
				GCC_WARN_UNUSED_FUNCTION = YES;
				GCC_WARN_UNUSED_VARIABLE = YES;
				IPHONEOS_DEPLOYMENT_TARGET = 13.2;
				MTL_ENABLE_DEBUG_INFO = NO;
				MTL_FAST_MATH = YES;
				SDKROOT = iphoneos;
				SWIFT_COMPILATION_MODE = wholemodule;
				SWIFT_OPTIMIZATION_LEVEL = "-O";
				VALIDATE_PRODUCT = YES;
			};
			name = Release;
		};
		50B38D4F246D8C4500C0C1DC /* Debug */ = {
			isa = XCBuildConfiguration;
			buildSettings = {
				ASSETCATALOG_COMPILER_APPICON_NAME = AppIcon;
				CODE_SIGN_STYLE = Automatic;
				DEVELOPMENT_TEAM = LHF8QS8784;
				INFOPLIST_FILE = Coordinators/Info.plist;
				LD_RUNPATH_SEARCH_PATHS = (
					"$(inherited)",
					"@executable_path/Frameworks",
				);
				PRODUCT_BUNDLE_IDENTIFIER = mojisola.Coordinators;
				PRODUCT_NAME = "$(TARGET_NAME)";
				SWIFT_VERSION = 5.0;
				TARGETED_DEVICE_FAMILY = "1,2";
			};
			name = Debug;
		};
		50B38D50246D8C4500C0C1DC /* Release */ = {
			isa = XCBuildConfiguration;
			buildSettings = {
				ASSETCATALOG_COMPILER_APPICON_NAME = AppIcon;
				CODE_SIGN_STYLE = Automatic;
				DEVELOPMENT_TEAM = LHF8QS8784;
				INFOPLIST_FILE = Coordinators/Info.plist;
				LD_RUNPATH_SEARCH_PATHS = (
					"$(inherited)",
					"@executable_path/Frameworks",
				);
				PRODUCT_BUNDLE_IDENTIFIER = mojisola.Coordinators;
				PRODUCT_NAME = "$(TARGET_NAME)";
				SWIFT_VERSION = 5.0;
				TARGETED_DEVICE_FAMILY = "1,2";
			};
			name = Release;
		};
/* End XCBuildConfiguration section */

/* Begin XCConfigurationList section */
		50B38D35246D8C4300C0C1DC /* Build configuration list for PBXProject "Coordinators" */ = {
			isa = XCConfigurationList;
			buildConfigurations = (
				50B38D4C246D8C4500C0C1DC /* Debug */,
				50B38D4D246D8C4500C0C1DC /* Release */,
			);
			defaultConfigurationIsVisible = 0;
			defaultConfigurationName = Release;
		};
		50B38D4E246D8C4500C0C1DC /* Build configuration list for PBXNativeTarget "Coordinators" */ = {
			isa = XCConfigurationList;
			buildConfigurations = (
				50B38D4F246D8C4500C0C1DC /* Debug */,
				50B38D50246D8C4500C0C1DC /* Release */,
			);
			defaultConfigurationIsVisible = 0;
			defaultConfigurationName = Release;
		};
/* End XCConfigurationList section */
	};
	rootObject = 50B38D32246D8C4300C0C1DC /* Project object */;
}
